// !$*UTF8*$!
{
	archiveVersion = 1;
	classes = {
	};
	objectVersion = 46;
	objects = {

/* Begin PBXBuildFile section */
		D52B2E221D32B000004E20D0 /* AppDelegate.swift in Sources */ = {isa = PBXBuildFile; fileRef = D52B2E211D32B000004E20D0 /* AppDelegate.swift */; };
		D52B2E241D32B000004E20D0 /* ViewController.swift in Sources */ = {isa = PBXBuildFile; fileRef = D52B2E231D32B000004E20D0 /* ViewController.swift */; };
		D52B2E271D32B000004E20D0 /* Main.storyboard in Resources */ = {isa = PBXBuildFile; fileRef = D52B2E251D32B000004E20D0 /* Main.storyboard */; };
		D52B2E291D32B001004E20D0 /* Assets.xcassets in Resources */ = {isa = PBXBuildFile; fileRef = D52B2E281D32B001004E20D0 /* Assets.xcassets */; };
		D52B2E2C1D32B001004E20D0 /* LaunchScreen.storyboard in Resources */ = {isa = PBXBuildFile; fileRef = D52B2E2A1D32B001004E20D0 /* LaunchScreen.storyboard */; };
/* End PBXBuildFile section */

/* Begin PBXFileReference section */
		D52B2E1E1D32B000004E20D0 /* UIViewPropertyAnimator Test.app */ = {isa = PBXFileReference; explicitFileType = wrapper.application; includeInIndex = 0; path = "UIViewPropertyAnimator Test.app"; sourceTree = BUILT_PRODUCTS_DIR; };
		D52B2E211D32B000004E20D0 /* AppDelegate.swift */ = {isa = PBXFileReference; lastKnownFileType = sourcecode.swift; path = AppDelegate.swift; sourceTree = "<group>"; };
		D52B2E231D32B000004E20D0 /* ViewController.swift */ = {isa = PBXFileReference; lastKnownFileType = sourcecode.swift; path = ViewController.swift; sourceTree = "<group>"; };
		D52B2E261D32B000004E20D0 /* Base */ = {isa = PBXFileReference; lastKnownFileType = file.storyboard; name = Base; path = Base.lproj/Main.storyboard; sourceTree = "<group>"; };
		D52B2E281D32B001004E20D0 /* Assets.xcassets */ = {isa = PBXFileReference; lastKnownFileType = folder.assetcatalog; path = Assets.xcassets; sourceTree = "<group>"; };
		D52B2E2B1D32B001004E20D0 /* Base */ = {isa = PBXFileReference; lastKnownFileType = file.storyboard; name = Base; path = Base.lproj/LaunchScreen.storyboard; sourceTree = "<group>"; };
		D52B2E2D1D32B001004E20D0 /* Info.plist */ = {isa = PBXFileReference; lastKnownFileType = text.plist.xml; path = Info.plist; sourceTree = "<group>"; };
/* End PBXFileReference section */

/* Begin PBXFrameworksBuildPhase section */
		D52B2E1B1D32B000004E20D0 /* Frameworks */ = {
			isa = PBXFrameworksBuildPhase;
			buildActionMask = 2147483647;
			files = (
			);
			runOnlyForDeploymentPostprocessing = 0;
		};
/* End PBXFrameworksBuildPhase section */

/* Begin PBXGroup section */
		D52B2E151D32B000004E20D0 = {
			isa = PBXGroup;
			children = (
				D52B2E201D32B000004E20D0 /* UIViewPropertyAnimator Test */,
				D52B2E1F1D32B000004E20D0 /* Products */,
			);
			sourceTree = "<group>";
		};
		D52B2E1F1D32B000004E20D0 /* Products */ = {
			isa = PBXGroup;
			children = (
				D52B2E1E1D32B000004E20D0 /* UIViewPropertyAnimator Test.app */,
			);
			name = Products;
			sourceTree = "<group>";
		};
		D52B2E201D32B000004E20D0 /* UIViewPropertyAnimator Test */ = {
			isa = PBXGroup;
			children = (
				D52B2E211D32B000004E20D0 /* AppDelegate.swift */,
				D52B2E231D32B000004E20D0 /* ViewController.swift */,
				D52B2E251D32B000004E20D0 /* Main.storyboard */,
				D52B2E281D32B001004E20D0 /* Assets.xcassets */,
				D52B2E2A1D32B001004E20D0 /* LaunchScreen.storyboard */,
				D52B2E2D1D32B001004E20D0 /* Info.plist */,
			);
			path = "UIViewPropertyAnimator Test";
			sourceTree = "<group>";
		};
/* End PBXGroup section */

/* Begin PBXNativeTarget section */
		D52B2E1D1D32B000004E20D0 /* UIViewPropertyAnimator Test */ = {
			isa = PBXNativeTarget;
			buildConfigurationList = D52B2E301D32B001004E20D0 /* Build configuration list for PBXNativeTarget "UIViewPropertyAnimator Test" */;
			buildPhases = (
				D52B2E1A1D32B000004E20D0 /* Sources */,
				D52B2E1B1D32B000004E20D0 /* Frameworks */,
				D52B2E1C1D32B000004E20D0 /* Resources */,
			);
			buildRules = (
			);
			dependencies = (
			);
			name = "UIViewPropertyAnimator Test";
			productName = "UIViewPropertyAnimator Test";
			productReference = D52B2E1E1D32B000004E20D0 /* UIViewPropertyAnimator Test.app */;
			productType = "com.apple.product-type.application";
		};
/* End PBXNativeTarget section */

/* Begin PBXProject section */
		D52B2E161D32B000004E20D0 /* Project object */ = {
			isa = PBXProject;
			attributes = {
				LastSwiftUpdateCheck = 0800;
				LastUpgradeCheck = 0800;
				ORGANIZATIONNAME = Desgard_Duan;
				TargetAttributes = {
					D52B2E1D1D32B000004E20D0 = {
						CreatedOnToolsVersion = 8.0;
						DevelopmentTeam = C3JGTFM664;
						DevelopmentTeamName = "昊宇 段 (Personal Team)";
						ProvisioningStyle = Automatic;
					};
				};
			};
			buildConfigurationList = D52B2E191D32B000004E20D0 /* Build configuration list for PBXProject "UIViewPropertyAnimator Test" */;
			compatibilityVersion = "Xcode 3.2";
			developmentRegion = English;
			hasScannedForEncodings = 0;
			knownRegions = (
				en,
				Base,
			);
			mainGroup = D52B2E151D32B000004E20D0;
			productRefGroup = D52B2E1F1D32B000004E20D0 /* Products */;
			projectDirPath = "";
			projectRoot = "";
			targets = (
				D52B2E1D1D32B000004E20D0 /* UIViewPropertyAnimator Test */,
			);
		};
/* End PBXProject section */

/* Begin PBXResourcesBuildPhase section */
		D52B2E1C1D32B000004E20D0 /* Resources */ = {
			isa = PBXResourcesBuildPhase;
			buildActionMask = 2147483647;
			files = (
				D52B2E2C1D32B001004E20D0 /* LaunchScreen.storyboard in Resources */,
				D52B2E291D32B001004E20D0 /* Assets.xcassets in Resources */,
				D52B2E271D32B000004E20D0 /* Main.storyboard in Resources */,
			);
			runOnlyForDeploymentPostprocessing = 0;
		};
/* End PBXResourcesBuildPhase section */

/* Begin PBXSourcesBuildPhase section */
		D52B2E1A1D32B000004E20D0 /* Sources */ = {
			isa = PBXSourcesBuildPhase;
			buildActionMask = 2147483647;
			files = (
				D52B2E241D32B000004E20D0 /* ViewController.swift in Sources */,
				D52B2E221D32B000004E20D0 /* AppDelegate.swift in Sources */,
			);
			runOnlyForDeploymentPostprocessing = 0;
		};
/* End PBXSourcesBuildPhase section */

/* Begin PBXVariantGroup section */
		D52B2E251D32B000004E20D0 /* Main.storyboard */ = {
			isa = PBXVariantGroup;
			children = (
				D52B2E261D32B000004E20D0 /* Base */,
			);
			name = Main.storyboard;
			sourceTree = "<group>";
		};
		D52B2E2A1D32B001004E20D0 /* LaunchScreen.storyboard */ = {
			isa = PBXVariantGroup;
			children = (
				D52B2E2B1D32B001004E20D0 /* Base */,
			);
			name = LaunchScreen.storyboard;
			sourceTree = "<group>";
		};
/* End PBXVariantGroup section */

/* Begin XCBuildConfiguration section */
		D52B2E2E1D32B001004E20D0 /* Debug */ = {
			isa = XCBuildConfiguration;
			buildSettings = {
				ALWAYS_SEARCH_USER_PATHS = NO;
				CLANG_ANALYZER_NONNULL = YES;
				CLANG_CXX_LANGUAGE_STANDARD = "gnu++0x";
				CLANG_CXX_LIBRARY = "libc++";
				CLANG_ENABLE_MODULES = YES;
				CLANG_ENABLE_OBJC_ARC = YES;
				CLANG_WARN_BOOL_CONVERSION = YES;
				CLANG_WARN_CONSTANT_CONVERSION = YES;
				CLANG_WARN_DIRECT_OBJC_ISA_USAGE = YES_ERROR;
				CLANG_WARN_DOCUMENTATION_COMMENTS = YES;
				CLANG_WARN_EMPTY_BODY = YES;
				CLANG_WARN_ENUM_CONVERSION = YES;
				CLANG_WARN_INT_CONVERSION = YES;
				CLANG_WARN_OBJC_ROOT_CLASS = YES_ERROR;
				CLANG_WARN_UNREACHABLE_CODE = YES;
				CLANG_WARN__DUPLICATE_METHOD_MATCH = YES;
				"CODE_SIGN_IDENTITY[sdk=iphoneos*]" = "iPhone Developer";
				COPY_PHASE_STRIP = NO;
				DEBUG_INFORMATION_FORMAT = dwarf;
				ENABLE_STRICT_OBJC_MSGSEND = YES;
				ENABLE_TESTABILITY = YES;
				GCC_C_LANGUAGE_STANDARD = gnu99;
				GCC_DYNAMIC_NO_PIC = NO;
				GCC_NO_COMMON_BLOCKS = YES;
				GCC_OPTIMIZATION_LEVEL = 0;
				GCC_PREPROCESSOR_DEFINITIONS = (
					"DEBUG=1",
					"$(inherited)",
				);
				GCC_WARN_64_TO_32_BIT_CONVERSION = YES;
				GCC_WARN_ABOUT_RETURN_TYPE = YES_ERROR;
				GCC_WARN_UNDECLARED_SELECTOR = YES;
				GCC_WARN_UNINITIALIZED_AUTOS = YES_AGGRESSIVE;
				GCC_WARN_UNUSED_FUNCTION = YES;
				GCC_WARN_UNUSED_VARIABLE = YES;
				IPHONEOS_DEPLOYMENT_TARGET = 10.0;
				MTL_ENABLE_DEBUG_INFO = YES;
				ONLY_ACTIVE_ARCH = YES;
				SDKROOT = iphoneos;
				SWIFT_ACTIVE_COMPILATION_CONDITIONS = DEBUG;
				SWIFT_OPTIMIZATION_LEVEL = "-Onone";
			};
			name = Debug;
		};
		D52B2E2F1D32B001004E20D0 /* Release */ = {
			isa = XCBuildConfiguration;
			buildSettings = {
				ALWAYS_SEARCH_USER_PATHS = NO;
				CLANG_ANALYZER_NONNULL = YES;
				CLANG_CXX_LANGUAGE_STANDARD = "gnu++0x";
				CLANG_CXX_LIBRARY = "libc++";
				CLANG_ENABLE_MODULES = YES;
				CLANG_ENABLE_OBJC_ARC = YES;
				CLANG_WARN_BOOL_CONVERSION = YES;
				CLANG_WARN_CONSTANT_CONVERSION = YES;
				CLANG_WARN_DIRECT_OBJC_ISA_USAGE = YES_ERROR;
				CLANG_WARN_DOCUMENTATION_COMMENTS = YES;
				CLANG_WARN_EMPTY_BODY = YES;
				CLANG_WARN_ENUM_CONVERSION = YES;
				CLANG_WARN_INT_CONVERSION = YES;
				CLANG_WARN_OBJC_ROOT_CLASS = YES_ERROR;
				CLANG_WARN_UNREACHABLE_CODE = YES;
				CLANG_WARN__DUPLICATE_METHOD_MATCH = YES;
				"CODE_SIGN_IDENTITY[sdk=iphoneos*]" = "iPhone Developer";
				COPY_PHASE_STRIP = NO;
				DEBUG_INFORMATION_FORMAT = "dwarf-with-dsym";
				ENABLE_NS_ASSERTIONS = NO;
				ENABLE_STRICT_OBJC_MSGSEND = YES;
				GCC_C_LANGUAGE_STANDARD = gnu99;
				GCC_NO_COMMON_BLOCKS = YES;
				GCC_WARN_64_TO_32_BIT_CONVERSION = YES;
				GCC_WARN_ABOUT_RETURN_TYPE = YES_ERROR;
				GCC_WARN_UNDECLARED_SELECTOR = YES;
				GCC_WARN_UNINITIALIZED_AUTOS = YES_AGGRESSIVE;
				GCC_WARN_UNUSED_FUNCTION = YES;
				GCC_WARN_UNUSED_VARIABLE = YES;
				IPHONEOS_DEPLOYMENT_TARGET = 10.0;
				MTL_ENABLE_DEBUG_INFO = NO;
				SDKROOT = iphoneos;
				SWIFT_OPTIMIZATION_LEVEL = "-Owholemodule";
				VALIDATE_PRODUCT = YES;
			};
			name = Release;
		};
		D52B2E311D32B001004E20D0 /* Debug */ = {
			isa = XCBuildConfiguration;
			buildSettings = {
				ASSETCATALOG_COMPILER_APPICON_NAME = AppIcon;
				INFOPLIST_FILE = "UIViewPropertyAnimator Test/Info.plist";
				LD_RUNPATH_SEARCH_PATHS = "$(inherited) @executable_path/Frameworks";
				PRODUCT_BUNDLE_IDENTIFIER = "desgard.express.UIViewPropertyAnimator-Test";
				PRODUCT_NAME = "$(TARGET_NAME)";
				SWIFT_VERSION = 3.0;
			};
			name = Debug;
		};
		D52B2E321D32B001004E20D0 /* Release */ = {
			isa = XCBuildConfiguration;
			buildSettings = {
				ASSETCATALOG_COMPILER_APPICON_NAME = AppIcon;
				INFOPLIST_FILE = "UIViewPropertyAnimator Test/Info.plist";
				LD_RUNPATH_SEARCH_PATHS = "$(inherited) @executable_path/Frameworks";
				PRODUCT_BUNDLE_IDENTIFIER = "desgard.express.UIViewPropertyAnimator-Test";
				PRODUCT_NAME = "$(TARGET_NAME)";
				SWIFT_VERSION = 3.0;
			};
			name = Release;
		};
/* End XCBuildConfiguration section */

/* Begin XCConfigurationList section */
		D52B2E191D32B000004E20D0 /* Build configuration list for PBXProject "UIViewPropertyAnimator Test" */ = {
			isa = XCConfigurationList;
			buildConfigurations = (
				D52B2E2E1D32B001004E20D0 /* Debug */,
				D52B2E2F1D32B001004E20D0 /* Release */,
			);
			defaultConfigurationIsVisible = 0;
			defaultConfigurationName = Release;
		};
		D52B2E301D32B001004E20D0 /* Build configuration list for PBXNativeTarget "UIViewPropertyAnimator Test" */ = {
			isa = XCConfigurationList;
			buildConfigurations = (
				D52B2E311D32B001004E20D0 /* Debug */,
				D52B2E321D32B001004E20D0 /* Release */,
			);
			defaultConfigurationIsVisible = 0;
		};
/* End XCConfigurationList section */
	};
	rootObject = D52B2E161D32B000004E20D0 /* Project object */;
}
